{
  "nodes": {
    "nixpkgs": {
      "locked": {
        "lastModified": 1644330694,
        "narHash": "sha256-bxfJfDL8nKWR+LOwUf9xoZol8WKcahPS4EbD1U4kLT0=",
        "owner": "nixos",
        "repo": "nixpkgs",
        "rev": "18a062b02d6eb382714187b06e3bfc3ba25ace78",
        "type": "github"
      },
      "original": {
        "owner": "nixos",
        "ref": "nixpkgs-unstable",
        "repo": "nixpkgs",
        "type": "github"
      }
    },
    "root": {
      "inputs": {
        "nixpkgs": "nixpkgs"
      }
    }
  },
  "root": "root",
  "version": 7
}
